
Microsoft Visual Studio Solution File, Format Version 12.00
# Visual Studio Version 17
VisualStudioVersion = 17.4.33103.184
MinimumVisualStudioVersion = 10.0.40219.1
Project("{FAE04EC0-301F-11D3-BF4B-00C04F79EFBC}") = "Api_MoneyGoal", "Api_MoneyGoal\Api_MoneyGoal.csproj", "{D6EE8858-F58D-42CE-8EEB-DA0BE81AECEC}"
EndProject
Global
	GlobalSection(SolutionConfigurationPlatforms) = preSolution
		Debug|Any CPU = Debug|Any CPU
		Release|Any CPU = Release|Any CPU
	EndGlobalSection
	GlobalSection(ProjectConfigurationPlatforms) = postSolution
		{D6EE8858-F58D-42CE-8EEB-DA0BE81AECEC}.Debug|Any CPU.ActiveCfg = Debug|Any CPU
		{D6EE8858-F58D-42CE-8EEB-DA0BE81AECEC}.Debug|Any CPU.Build.0 = Debug|Any CPU
		{D6EE8858-F58D-42CE-8EEB-DA0BE81AECEC}.Release|Any CPU.ActiveCfg = Release|Any CPU
		{D6EE8858-F58D-42CE-8EEB-DA0BE81AECEC}.Release|Any CPU.Build.0 = Release|Any CPU
	EndGlobalSection
	GlobalSection(SolutionProperties) = preSolution
		HideSolutionNode = FALSE
	EndGlobalSection
	GlobalSection(ExtensibilityGlobals) = postSolution
		SolutionGuid = {F37B2FD1-C392-41FE-A44D-11654C7E8CDF}
	EndGlobalSection
EndGlobal
